
Microsoft Visual Studio Solution File, Format Version 12.00
Project("{FAE04EC0-301F-11D3-BF4B-00C04F79EFBC}") = "OpenEasyN2N", "OpenEasyN2N.csproj", "{9B373D35-94A0-4AAD-A680-557025EC71AB}"
EndProject
Global
	GlobalSection(SolutionConfigurationPlatforms) = preSolution
		Debug|Any CPU = Debug|Any CPU
		Release|Any CPU = Release|Any CPU
	EndGlobalSection
	GlobalSection(ProjectConfigurationPlatforms) = postSolution
		{9B373D35-94A0-4AAD-A680-557025EC71AB}.Debug|Any CPU.ActiveCfg = Debug|Any CPU
		{9B373D35-94A0-4AAD-A680-557025EC71AB}.Debug|Any CPU.Build.0 = Debug|Any CPU
		{9B373D35-94A0-4AAD-A680-557025EC71AB}.Release|Any CPU.ActiveCfg = Release|Any CPU
		{9B373D35-94A0-4AAD-A680-557025EC71AB}.Release|Any CPU.Build.0 = Release|Any CPU
	EndGlobalSection
EndGlobal
